# @generated by Move, please check-in and do not edit manually.

[move]
version = 3
manifest_digest = "8E85DDE6C108489A5D4304C13BA32ED48FF8527FB41613CB324A51C3DCD04590"
deps_digest = "F8BBB0CCB2491CA29A3DF03D6F92277A4F3574266507ACD77214D37ECA3F3082"
dependencies = [
  { id = "Sui", name = "Sui" },
]

[[move.package]]
id = "MoveStdlib"
source = { git = "https://github.com/MystenLabs/sui.git", rev = "framework/testnet", subdir = "crates/sui-framework/packages/move-stdlib" }

[[move.package]]
id = "Sui"
source = { git = "https://github.com/MystenLabs/sui.git", rev = "framework/testnet", subdir = "crates/sui-framework/packages/sui-framework" }

dependencies = [
  { id = "MoveStdlib", name = "MoveStdlib" },
]

[move.toolchain-version]
compiler-version = "1.44.3"
edition = "2024.beta"
flavor = "sui"

[env]

[env.local]
chain-id = "c656dbff"
original-published-id = "0xed880ce3b530fd627596fde66ab25847e29ab7445d57c8268866d63e38c7e5d3"
latest-published-id = "0xed880ce3b530fd627596fde66ab25847e29ab7445d57c8268866d63e38c7e5d3"
published-version = "1"
