# @generated by Move, please check-in and do not edit manually.

[move]
version = 3
manifest_digest = "8E85DDE6C108489A5D4304C13BA32ED48FF8527FB41613CB324A51C3DCD04590"
deps_digest = "F8BBB0CCB2491CA29A3DF03D6F92277A4F3574266507ACD77214D37ECA3F3082"
dependencies = [
  { id = "Sui", name = "Sui" },
]

[[move.package]]
id = "MoveStdlib"
source = { git = "https://github.com/MystenLabs/sui.git", rev = "framework/testnet", subdir = "crates/sui-framework/packages/move-stdlib" }

[[move.package]]
id = "Sui"
source = { git = "https://github.com/MystenLabs/sui.git", rev = "framework/testnet", subdir = "crates/sui-framework/packages/sui-framework" }

dependencies = [
  { id = "MoveStdlib", name = "MoveStdlib" },
]

[move.toolchain-version]
compiler-version = "1.44.3"
edition = "2024.beta"
flavor = "sui"

[env]

[env.local]
chain-id = "d85f4094"
original-published-id = "0xd40078ea12ff6180db7a70890a9cd95b4480307b2b4c1c4eaf3458505f4633cc"
latest-published-id = "0xd40078ea12ff6180db7a70890a9cd95b4480307b2b4c1c4eaf3458505f4633cc"
published-version = "1"
